{
  "name": "@yellicode/core",
  "version": "1.1.2",
  "lockfileVersion": 1,
  "requires": true,
  "dependencies": {
    "@types/node": {
      "version": "10.11.7",
      "resolved": "https://registry.npmjs.org/@types/node/-/node-10.11.7.tgz",
      "integrity": "sha512-yOxFfkN9xUFLyvWaeYj90mlqTJ41CsQzWKS3gXdOMOyPVacUsymejKxJ4/pMW7exouubuEeZLJawGgcNGYlTeg==",
      "dev": true
    },
    "@types/uuid": {
      "version": "3.4.3",
      "resolved": "https://registry.npmjs.org/@types/uuid/-/uuid-3.4.3.tgz",
      "integrity": "sha1-EhrOJl9Vac5A9PbQ/3ijOMcyp1Q=",
      "dev": true,
      "requires": {
        "@types/node": "*"
      }
    },
    "rollup": {
      "version": "0.50.1",
      "resolved": "https://registry.npmjs.org/rollup/-/rollup-0.50.1.tgz",
      "integrity": "sha1-5Nr8v40rsNn1WJ0MxvZNdriBVzA=",
      "dev": true
    },
    "uuid": {
      "version": "3.2.1",
      "resolved": "https://registry.npmjs.org/uuid/-/uuid-3.2.1.tgz",
      "integrity": "sha1-EsUou51Y0LkmXZovbw/ovhf/HxQ="
    }
  }
}
