{
  "name": "@yellicode/core",
  "version": "1.2.2",
  "lockfileVersion": 1,
  "requires": true,
  "dependencies": {
    "@types/node": {
      "version": "10.11.7",
      "resolved": "https://registry.npmjs.org/@types/node/-/node-10.11.7.tgz",
      "integrity": "sha512-yOxFfkN9xUFLyvWaeYj90mlqTJ41CsQzWKS3gXdOMOyPVacUsymejKxJ4/pMW7exouubuEeZLJawGgcNGYlTeg==",
      "dev": true
    },
    "nanoid": {
      "version": "3.1.12",
      "resolved": "https://registry.npmjs.org/nanoid/-/nanoid-3.1.12.tgz",
      "integrity": "sha512-1qstj9z5+x491jfiC4Nelk+f8XBad7LN20PmyWINJEMRSf3wcAjAWysw1qaA8z6NSKe2sjq1hRSDpBH5paCb6A=="
    },
    "rollup": {
      "version": "0.50.1",
      "resolved": "https://registry.npmjs.org/rollup/-/rollup-0.50.1.tgz",
      "integrity": "sha1-5Nr8v40rsNn1WJ0MxvZNdriBVzA=",
      "dev": true
    }
  }
}
